
Microsoft Visual Studio Solution File, Format Version 12.00
# Visual Studio 15
VisualStudioVersion = 15.0.28010.2050
MinimumVisualStudioVersion = 10.0.40219.1
Project("{FAE04EC0-301F-11D3-BF4B-00C04F79EFBC}") = "MimeBooking", "MimeBooking\MimeBooking.csproj", "{EBEACEC0-5969-46BD-B496-6EA5DA32C816}"
EndProject
Global
	GlobalSection(SolutionConfigurationPlatforms) = preSolution
		Debug|Any CPU = Debug|Any CPU
		Release|Any CPU = Release|Any CPU
	EndGlobalSection
	GlobalSection(ProjectConfigurationPlatforms) = postSolution
		{EBEACEC0-5969-46BD-B496-6EA5DA32C816}.Debug|Any CPU.ActiveCfg = Debug|Any CPU
		{EBEACEC0-5969-46BD-B496-6EA5DA32C816}.Debug|Any CPU.Build.0 = Debug|Any CPU
		{EBEACEC0-5969-46BD-B496-6EA5DA32C816}.Release|Any CPU.ActiveCfg = Release|Any CPU
		{EBEACEC0-5969-46BD-B496-6EA5DA32C816}.Release|Any CPU.Build.0 = Release|Any CPU
	EndGlobalSection
	GlobalSection(SolutionProperties) = preSolution
		HideSolutionNode = FALSE
	EndGlobalSection
	GlobalSection(ExtensibilityGlobals) = postSolution
		SolutionGuid = {D3CF0BF5-2E1E-4F91-B8F0-D1B420BCCBAC}
	EndGlobalSection
EndGlobal
